// !$*UTF8*$!
{
	archiveVersion = 1;
	classes = {
	};
	objectVersion = 50;
	objects = {

/* Begin PBXBuildFile section */
		AF04C7CD215C890600268882 /* AppDelegate.m in Sources */ = {isa = PBXBuildFile; fileRef = AF04C7CC215C890600268882 /* AppDelegate.m */; };
		AF04C7D0215C890600268882 /* ViewController.m in Sources */ = {isa = PBXBuildFile; fileRef = AF04C7CF215C890600268882 /* ViewController.m */; };
		AF04C7D3215C890600268882 /* Main.storyboard in Resources */ = {isa = PBXBuildFile; fileRef = AF04C7D1215C890600268882 /* Main.storyboard */; };
		AF04C7D5215C890700268882 /* Assets.xcassets in Resources */ = {isa = PBXBuildFile; fileRef = AF04C7D4215C890700268882 /* Assets.xcassets */; };
		AF04C7D8215C890700268882 /* LaunchScreen.storyboard in Resources */ = {isa = PBXBuildFile; fileRef = AF04C7D6215C890700268882 /* LaunchScreen.storyboard */; };
		AF04C7DB215C890700268882 /* main.m in Sources */ = {isa = PBXBuildFile; fileRef = AF04C7DA215C890700268882 /* main.m */; };
		AF4D8F8B215F6621003B505D /* InsertViewController.m in Sources */ = {isa = PBXBuildFile; fileRef = AF4D8F84215F6621003B505D /* InsertViewController.m */; };
		AF4D8F8C215F6621003B505D /* BubbleViewController.m in Sources */ = {isa = PBXBuildFile; fileRef = AF4D8F86215F6621003B505D /* BubbleViewController.m */; };
		AF4D8F8D215F6621003B505D /* SelectViewController.m in Sources */ = {isa = PBXBuildFile; fileRef = AF4D8F8A215F6621003B505D /* SelectViewController.m */; };
		AF4D8F91215F66AB003B505D /* ShellViewController.m in Sources */ = {isa = PBXBuildFile; fileRef = AF4D8F90215F66AB003B505D /* ShellViewController.m */; };
		AFE67DE62170390300735FD8 /* TPCustomButton.m in Sources */ = {isa = PBXBuildFile; fileRef = AFE67DD82170390300735FD8 /* TPCustomButton.m */; };
		AFE67DE72170390300735FD8 /* UILabel+FastSetting.m in Sources */ = {isa = PBXBuildFile; fileRef = AFE67DD92170390300735FD8 /* UILabel+FastSetting.m */; };
		AFE67DE82170390300735FD8 /* UIButton+TPCustom.m in Sources */ = {isa = PBXBuildFile; fileRef = AFE67DDD2170390300735FD8 /* UIButton+TPCustom.m */; };
		AFE67DE92170390300735FD8 /* UIView+WalkerFrame.m in Sources */ = {isa = PBXBuildFile; fileRef = AFE67DE02170390300735FD8 /* UIView+WalkerFrame.m */; };
		AFE67DEA2170390300735FD8 /* TPCustomLabel.m in Sources */ = {isa = PBXBuildFile; fileRef = AFE67DE12170390300735FD8 /* TPCustomLabel.m */; };
		AFE67DEB2170390300735FD8 /* TPScreenAdaptor.m in Sources */ = {isa = PBXBuildFile; fileRef = AFE67DE22170390300735FD8 /* TPScreenAdaptor.m */; };
		AFE67DEC2170390300735FD8 /* UIView+TPFrameExtension.m in Sources */ = {isa = PBXBuildFile; fileRef = AFE67DE42170390300735FD8 /* UIView+TPFrameExtension.m */; };
		AFE67DEF2170396C00735FD8 /* ControllerInfoManager.m in Sources */ = {isa = PBXBuildFile; fileRef = AFE67DEE2170396C00735FD8 /* ControllerInfoManager.m */; };
		AFF132B3215CAD5600E7CD8C /* SortViewController.m in Sources */ = {isa = PBXBuildFile; fileRef = AFF132B2215CAD5600E7CD8C /* SortViewController.m */; };
		AFF132B7215CAEED00E7CD8C /* SortViewController.xib in Resources */ = {isa = PBXBuildFile; fileRef = AFF132B6215CAEED00E7CD8C /* SortViewController.xib */; };
		AFF4C5EF215E257B004CC287 /* update.sh in Resources */ = {isa = PBXBuildFile; fileRef = AFF4C5EE215E257B004CC287 /* update.sh */; };
		AFF4C5F5215E27EB004CC287 /* BaseSortAlgoViewController.m in Sources */ = {isa = PBXBuildFile; fileRef = AFF4C5F4215E27EB004CC287 /* BaseSortAlgoViewController.m */; };
		AFFC4BF9216CA024002432BD /* MBProgressHUD.m in Sources */ = {isa = PBXBuildFile; fileRef = AFFC4BF7216CA024002432BD /* MBProgressHUD.m */; };
		AFFDB725216B4869003D1735 /* RadixViewController.m in Sources */ = {isa = PBXBuildFile; fileRef = AFFDB724216B4869003D1735 /* RadixViewController.m */; };
		D736AFF6216CF3E40054D375 /* QuickViewController.m in Sources */ = {isa = PBXBuildFile; fileRef = D736AFF5216CF3E40054D375 /* QuickViewController.m */; };
		D7CE6594216CED76009A120D /* HeapViewController.m in Sources */ = {isa = PBXBuildFile; fileRef = D7CE6593216CED76009A120D /* HeapViewController.m */; };
		D7CE6598216CEE7C009A120D /* MergeViewController.m in Sources */ = {isa = PBXBuildFile; fileRef = D7CE6597216CEE7C009A120D /* MergeViewController.m */; };
/* End PBXBuildFile section */

/* Begin PBXFileReference section */
		AF04C7C8215C890600268882 /* AnimationsForAlgo.app */ = {isa = PBXFileReference; explicitFileType = wrapper.application; includeInIndex = 0; path = AnimationsForAlgo.app; sourceTree = BUILT_PRODUCTS_DIR; };
		AF04C7CB215C890600268882 /* AppDelegate.h */ = {isa = PBXFileReference; lastKnownFileType = sourcecode.c.h; path = AppDelegate.h; sourceTree = "<group>"; };
		AF04C7CC215C890600268882 /* AppDelegate.m */ = {isa = PBXFileReference; lastKnownFileType = sourcecode.c.objc; path = AppDelegate.m; sourceTree = "<group>"; };
		AF04C7CE215C890600268882 /* ViewController.h */ = {isa = PBXFileReference; lastKnownFileType = sourcecode.c.h; path = ViewController.h; sourceTree = "<group>"; };
		AF04C7CF215C890600268882 /* ViewController.m */ = {isa = PBXFileReference; lastKnownFileType = sourcecode.c.objc; path = ViewController.m; sourceTree = "<group>"; };
		AF04C7D2215C890600268882 /* Base */ = {isa = PBXFileReference; lastKnownFileType = file.storyboard; name = Base; path = Base.lproj/Main.storyboard; sourceTree = "<group>"; };
		AF04C7D4215C890700268882 /* Assets.xcassets */ = {isa = PBXFileReference; lastKnownFileType = folder.assetcatalog; path = Assets.xcassets; sourceTree = "<group>"; };
		AF04C7D7215C890700268882 /* Base */ = {isa = PBXFileReference; lastKnownFileType = file.storyboard; name = Base; path = Base.lproj/LaunchScreen.storyboard; sourceTree = "<group>"; };
		AF04C7D9215C890700268882 /* Info.plist */ = {isa = PBXFileReference; lastKnownFileType = text.plist.xml; path = Info.plist; sourceTree = "<group>"; };
		AF04C7DA215C890700268882 /* main.m */ = {isa = PBXFileReference; lastKnownFileType = sourcecode.c.objc; path = main.m; sourceTree = "<group>"; };
		AF4D8F83215F6621003B505D /* InsertViewController.h */ = {isa = PBXFileReference; fileEncoding = 4; lastKnownFileType = sourcecode.c.h; path = InsertViewController.h; sourceTree = "<group>"; };
		AF4D8F84215F6621003B505D /* InsertViewController.m */ = {isa = PBXFileReference; fileEncoding = 4; lastKnownFileType = sourcecode.c.objc; path = InsertViewController.m; sourceTree = "<group>"; };
		AF4D8F86215F6621003B505D /* BubbleViewController.m */ = {isa = PBXFileReference; fileEncoding = 4; lastKnownFileType = sourcecode.c.objc; path = BubbleViewController.m; sourceTree = "<group>"; };
		AF4D8F87215F6621003B505D /* BubbleViewController.h */ = {isa = PBXFileReference; fileEncoding = 4; lastKnownFileType = sourcecode.c.h; path = BubbleViewController.h; sourceTree = "<group>"; };
		AF4D8F89215F6621003B505D /* SelectViewController.h */ = {isa = PBXFileReference; fileEncoding = 4; lastKnownFileType = sourcecode.c.h; path = SelectViewController.h; sourceTree = "<group>"; };
		AF4D8F8A215F6621003B505D /* SelectViewController.m */ = {isa = PBXFileReference; fileEncoding = 4; lastKnownFileType = sourcecode.c.objc; path = SelectViewController.m; sourceTree = "<group>"; };
		AF4D8F8F215F66AB003B505D /* ShellViewController.h */ = {isa = PBXFileReference; lastKnownFileType = sourcecode.c.h; path = ShellViewController.h; sourceTree = "<group>"; };
		AF4D8F90215F66AB003B505D /* ShellViewController.m */ = {isa = PBXFileReference; lastKnownFileType = sourcecode.c.objc; path = ShellViewController.m; sourceTree = "<group>"; };
		AFE67DD72170390300735FD8 /* UIView+WalkerFrame.h */ = {isa = PBXFileReference; fileEncoding = 4; lastKnownFileType = sourcecode.c.h; path = "UIView+WalkerFrame.h"; sourceTree = "<group>"; };
		AFE67DD82170390300735FD8 /* TPCustomButton.m */ = {isa = PBXFileReference; fileEncoding = 4; lastKnownFileType = sourcecode.c.objc; path = TPCustomButton.m; sourceTree = "<group>"; };
		AFE67DD92170390300735FD8 /* UILabel+FastSetting.m */ = {isa = PBXFileReference; fileEncoding = 4; lastKnownFileType = sourcecode.c.objc; path = "UILabel+FastSetting.m"; sourceTree = "<group>"; };
		AFE67DDA2170390300735FD8 /* TPScreenAdaptor.h */ = {isa = PBXFileReference; fileEncoding = 4; lastKnownFileType = sourcecode.c.h; path = TPScreenAdaptor.h; sourceTree = "<group>"; };
		AFE67DDB2170390300735FD8 /* TPCustomLabel.h */ = {isa = PBXFileReference; fileEncoding = 4; lastKnownFileType = sourcecode.c.h; path = TPCustomLabel.h; sourceTree = "<group>"; };
		AFE67DDC2170390300735FD8 /* UIView+TPFrameExtension.h */ = {isa = PBXFileReference; fileEncoding = 4; lastKnownFileType = sourcecode.c.h; path = "UIView+TPFrameExtension.h"; sourceTree = "<group>"; };
		AFE67DDD2170390300735FD8 /* UIButton+TPCustom.m */ = {isa = PBXFileReference; fileEncoding = 4; lastKnownFileType = sourcecode.c.objc; path = "UIButton+TPCustom.m"; sourceTree = "<group>"; };
		AFE67DDE2170390300735FD8 /* TPFrame.h */ = {isa = PBXFileReference; fileEncoding = 4; lastKnownFileType = sourcecode.c.h; path = TPFrame.h; sourceTree = "<group>"; };
		AFE67DDF2170390300735FD8 /* TPCustomButton.h */ = {isa = PBXFileReference; fileEncoding = 4; lastKnownFileType = sourcecode.c.h; path = TPCustomButton.h; sourceTree = "<group>"; };
		AFE67DE02170390300735FD8 /* UIView+WalkerFrame.m */ = {isa = PBXFileReference; fileEncoding = 4; lastKnownFileType = sourcecode.c.objc; path = "UIView+WalkerFrame.m"; sourceTree = "<group>"; };
		AFE67DE12170390300735FD8 /* TPCustomLabel.m */ = {isa = PBXFileReference; fileEncoding = 4; lastKnownFileType = sourcecode.c.objc; path = TPCustomLabel.m; sourceTree = "<group>"; };
		AFE67DE22170390300735FD8 /* TPScreenAdaptor.m */ = {isa = PBXFileReference; fileEncoding = 4; lastKnownFileType = sourcecode.c.objc; path = TPScreenAdaptor.m; sourceTree = "<group>"; };
		AFE67DE32170390300735FD8 /* UILabel+FastSetting.h */ = {isa = PBXFileReference; fileEncoding = 4; lastKnownFileType = sourcecode.c.h; path = "UILabel+FastSetting.h"; sourceTree = "<group>"; };
		AFE67DE42170390300735FD8 /* UIView+TPFrameExtension.m */ = {isa = PBXFileReference; fileEncoding = 4; lastKnownFileType = sourcecode.c.objc; path = "UIView+TPFrameExtension.m"; sourceTree = "<group>"; };
		AFE67DE52170390300735FD8 /* UIButton+TPCustom.h */ = {isa = PBXFileReference; fileEncoding = 4; lastKnownFileType = sourcecode.c.h; path = "UIButton+TPCustom.h"; sourceTree = "<group>"; };
		AFE67DED2170396C00735FD8 /* ControllerInfoManager.h */ = {isa = PBXFileReference; lastKnownFileType = sourcecode.c.h; path = ControllerInfoManager.h; sourceTree = "<group>"; };
		AFE67DEE2170396C00735FD8 /* ControllerInfoManager.m */ = {isa = PBXFileReference; lastKnownFileType = sourcecode.c.objc; path = ControllerInfoManager.m; sourceTree = "<group>"; };
		AFF132B1215CAD5600E7CD8C /* SortViewController.h */ = {isa = PBXFileReference; lastKnownFileType = sourcecode.c.h; path = SortViewController.h; sourceTree = "<group>"; };
		AFF132B2215CAD5600E7CD8C /* SortViewController.m */ = {isa = PBXFileReference; lastKnownFileType = sourcecode.c.objc; path = SortViewController.m; sourceTree = "<group>"; };
		AFF132B6215CAEED00E7CD8C /* SortViewController.xib */ = {isa = PBXFileReference; lastKnownFileType = file.xib; path = SortViewController.xib; sourceTree = "<group>"; };
		AFF4C5EE215E257B004CC287 /* update.sh */ = {isa = PBXFileReference; fileEncoding = 4; lastKnownFileType = text.script.sh; path = update.sh; sourceTree = "<group>"; };
		AFF4C5F1215E2720004CC287 /* TAlgoProtocol.h */ = {isa = PBXFileReference; lastKnownFileType = sourcecode.c.h; path = TAlgoProtocol.h; sourceTree = "<group>"; };
		AFF4C5F3215E27EB004CC287 /* BaseSortAlgoViewController.h */ = {isa = PBXFileReference; lastKnownFileType = sourcecode.c.h; path = BaseSortAlgoViewController.h; sourceTree = "<group>"; };
		AFF4C5F4215E27EB004CC287 /* BaseSortAlgoViewController.m */ = {isa = PBXFileReference; lastKnownFileType = sourcecode.c.objc; path = BaseSortAlgoViewController.m; sourceTree = "<group>"; };
		AFFC4BF7216CA024002432BD /* MBProgressHUD.m */ = {isa = PBXFileReference; fileEncoding = 4; lastKnownFileType = sourcecode.c.objc; path = MBProgressHUD.m; sourceTree = "<group>"; };
		AFFC4BF8216CA024002432BD /* MBProgressHUD.h */ = {isa = PBXFileReference; fileEncoding = 4; lastKnownFileType = sourcecode.c.h; path = MBProgressHUD.h; sourceTree = "<group>"; };
		AFFDB723216B4869003D1735 /* RadixViewController.h */ = {isa = PBXFileReference; lastKnownFileType = sourcecode.c.h; path = RadixViewController.h; sourceTree = "<group>"; };
		AFFDB724216B4869003D1735 /* RadixViewController.m */ = {isa = PBXFileReference; lastKnownFileType = sourcecode.c.objc; path = RadixViewController.m; sourceTree = "<group>"; };
		BDECEBEB3F8BBE836AD89107 /* libPods-AnimationsForAlgo.a */ = {isa = PBXFileReference; explicitFileType = archive.ar; includeInIndex = 0; path = "libPods-AnimationsForAlgo.a"; sourceTree = BUILT_PRODUCTS_DIR; };
		D736AFF4216CF3E40054D375 /* QuickViewController.h */ = {isa = PBXFileReference; lastKnownFileType = sourcecode.c.h; path = QuickViewController.h; sourceTree = "<group>"; };
		D736AFF5216CF3E40054D375 /* QuickViewController.m */ = {isa = PBXFileReference; lastKnownFileType = sourcecode.c.objc; path = QuickViewController.m; sourceTree = "<group>"; };
		D7CE6592216CED76009A120D /* HeapViewController.h */ = {isa = PBXFileReference; lastKnownFileType = sourcecode.c.h; path = HeapViewController.h; sourceTree = "<group>"; };
		D7CE6593216CED76009A120D /* HeapViewController.m */ = {isa = PBXFileReference; lastKnownFileType = sourcecode.c.objc; path = HeapViewController.m; sourceTree = "<group>"; };
		D7CE6596216CEE7C009A120D /* MergeViewController.h */ = {isa = PBXFileReference; lastKnownFileType = sourcecode.c.h; path = MergeViewController.h; sourceTree = "<group>"; };
		D7CE6597216CEE7C009A120D /* MergeViewController.m */ = {isa = PBXFileReference; lastKnownFileType = sourcecode.c.objc; path = MergeViewController.m; sourceTree = "<group>"; };
/* End PBXFileReference section */

/* Begin PBXFrameworksBuildPhase section */
		AF04C7C5215C890600268882 /* Frameworks */ = {
			isa = PBXFrameworksBuildPhase;
			buildActionMask = 2147483647;
			files = (
			);
			runOnlyForDeploymentPostprocessing = 0;
		};
/* End PBXFrameworksBuildPhase section */

/* Begin PBXGroup section */
		AF04C7BF215C890600268882 = {
			isa = PBXGroup;
			children = (
				AFF4C5EE215E257B004CC287 /* update.sh */,
				AF4D8F81215F6621003B505D /* Sort */,
				AFF4C5F2215E27E0004CC287 /* Base */,
				AFF4C5F0215E2713004CC287 /* Protocol */,
				AFF4C5D3215DBA5D004CC287 /* Util */,
				AF04C7CA215C890600268882 /* AnimationsForAlgo */,
				AF04C7C9215C890600268882 /* Products */,
				C6FBF80C63B9425C23D23661 /* Frameworks */,
			);
			sourceTree = "<group>";
		};
		AF04C7C9215C890600268882 /* Products */ = {
			isa = PBXGroup;
			children = (
				AF04C7C8215C890600268882 /* AnimationsForAlgo.app */,
			);
			name = Products;
			sourceTree = "<group>";
		};
		AF04C7CA215C890600268882 /* AnimationsForAlgo */ = {
			isa = PBXGroup;
			children = (
				AF04C7CB215C890600268882 /* AppDelegate.h */,
				AF04C7CC215C890600268882 /* AppDelegate.m */,
				AF04C7CE215C890600268882 /* ViewController.h */,
				AF04C7CF215C890600268882 /* ViewController.m */,
				AF04C7D1215C890600268882 /* Main.storyboard */,
				AF04C7D4215C890700268882 /* Assets.xcassets */,
				AF04C7D6215C890700268882 /* LaunchScreen.storyboard */,
				AF04C7D9215C890700268882 /* Info.plist */,
				AF04C7DA215C890700268882 /* main.m */,
			);
			path = AnimationsForAlgo;
			sourceTree = "<group>";
		};
		AF4D8F81215F6621003B505D /* Sort */ = {
			isa = PBXGroup;
			children = (
				AFF132B1215CAD5600E7CD8C /* SortViewController.h */,
				AFF132B2215CAD5600E7CD8C /* SortViewController.m */,
				AFF132B6215CAEED00E7CD8C /* SortViewController.xib */,
				D736AFF3216CF3DA0054D375 /* quick */,
				D7CE6595216CEE70009A120D /* merge */,
				D7CE6591216CED6A009A120D /* heap */,
				AFFDB722216B485F003D1735 /* radix */,
				AF4D8F8E215F6636003B505D /* shell */,
				AF4D8F82215F6621003B505D /* insert */,
				AF4D8F85215F6621003B505D /* bubble */,
				AF4D8F88215F6621003B505D /* select */,
			);
			path = Sort;
			sourceTree = "<group>";
		};
		AF4D8F82215F6621003B505D /* insert */ = {
			isa = PBXGroup;
			children = (
				AF4D8F83215F6621003B505D /* InsertViewController.h */,
				AF4D8F84215F6621003B505D /* InsertViewController.m */,
			);
			path = insert;
			sourceTree = "<group>";
		};
		AF4D8F85215F6621003B505D /* bubble */ = {
			isa = PBXGroup;
			children = (
				AF4D8F87215F6621003B505D /* BubbleViewController.h */,
				AF4D8F86215F6621003B505D /* BubbleViewController.m */,
			);
			path = bubble;
			sourceTree = "<group>";
		};
		AF4D8F88215F6621003B505D /* select */ = {
			isa = PBXGroup;
			children = (
				AF4D8F89215F6621003B505D /* SelectViewController.h */,
				AF4D8F8A215F6621003B505D /* SelectViewController.m */,
			);
			path = select;
			sourceTree = "<group>";
		};
		AF4D8F8E215F6636003B505D /* shell */ = {
			isa = PBXGroup;
			children = (
				AF4D8F8F215F66AB003B505D /* ShellViewController.h */,
				AF4D8F90215F66AB003B505D /* ShellViewController.m */,
			);
			path = shell;
			sourceTree = "<group>";
		};
		AFE67DD62170390300735FD8 /* TPUtils */ = {
			isa = PBXGroup;
			children = (
				AFE67DDE2170390300735FD8 /* TPFrame.h */,
				AFE67DD72170390300735FD8 /* UIView+WalkerFrame.h */,
				AFE67DE02170390300735FD8 /* UIView+WalkerFrame.m */,
				AFE67DE32170390300735FD8 /* UILabel+FastSetting.h */,
				AFE67DD92170390300735FD8 /* UILabel+FastSetting.m */,
				AFE67DDD2170390300735FD8 /* UIButton+TPCustom.m */,
				AFE67DE52170390300735FD8 /* UIButton+TPCustom.h */,
				AFE67DDF2170390300735FD8 /* TPCustomButton.h */,
				AFE67DD82170390300735FD8 /* TPCustomButton.m */,
				AFE67DDB2170390300735FD8 /* TPCustomLabel.h */,
				AFE67DE12170390300735FD8 /* TPCustomLabel.m */,
				AFE67DDA2170390300735FD8 /* TPScreenAdaptor.h */,
				AFE67DE22170390300735FD8 /* TPScreenAdaptor.m */,
				AFE67DDC2170390300735FD8 /* UIView+TPFrameExtension.h */,
				AFE67DE42170390300735FD8 /* UIView+TPFrameExtension.m */,
			);
			path = TPUtils;
			sourceTree = "<group>";
		};
		AFF4C5D3215DBA5D004CC287 /* Util */ = {
			isa = PBXGroup;
			children = (
				AFE67DD62170390300735FD8 /* TPUtils */,
				AFFC4BF6216CA024002432BD /* MBProgressHUD */,
			);
			path = Util;
			sourceTree = "<group>";
		};
		AFF4C5F0215E2713004CC287 /* Protocol */ = {
			isa = PBXGroup;
			children = (
				AFF4C5F1215E2720004CC287 /* TAlgoProtocol.h */,
			);
			path = Protocol;
			sourceTree = "<group>";
		};
		AFF4C5F2215E27E0004CC287 /* Base */ = {
			isa = PBXGroup;
			children = (
				AFF4C5F3215E27EB004CC287 /* BaseSortAlgoViewController.h */,
				AFF4C5F4215E27EB004CC287 /* BaseSortAlgoViewController.m */,
				AFE67DED2170396C00735FD8 /* ControllerInfoManager.h */,
				AFE67DEE2170396C00735FD8 /* ControllerInfoManager.m */,
			);
			path = Base;
			sourceTree = "<group>";
		};
		AFFC4BF6216CA024002432BD /* MBProgressHUD */ = {
			isa = PBXGroup;
			children = (
				AFFC4BF8216CA024002432BD /* MBProgressHUD.h */,
				AFFC4BF7216CA024002432BD /* MBProgressHUD.m */,
			);
			path = MBProgressHUD;
			sourceTree = "<group>";
		};
		AFFDB722216B485F003D1735 /* radix */ = {
			isa = PBXGroup;
			children = (
				AFFDB723216B4869003D1735 /* RadixViewController.h */,
				AFFDB724216B4869003D1735 /* RadixViewController.m */,
			);
			path = radix;
			sourceTree = "<group>";
		};
		C6FBF80C63B9425C23D23661 /* Frameworks */ = {
			isa = PBXGroup;
			children = (
				BDECEBEB3F8BBE836AD89107 /* libPods-AnimationsForAlgo.a */,
			);
			name = Frameworks;
			sourceTree = "<group>";
		};
		D736AFF3216CF3DA0054D375 /* quick */ = {
			isa = PBXGroup;
			children = (
				D736AFF4216CF3E40054D375 /* QuickViewController.h */,
				D736AFF5216CF3E40054D375 /* QuickViewController.m */,
			);
			path = quick;
			sourceTree = "<group>";
		};
		D7CE6591216CED6A009A120D /* heap */ = {
			isa = PBXGroup;
			children = (
				D7CE6592216CED76009A120D /* HeapViewController.h */,
				D7CE6593216CED76009A120D /* HeapViewController.m */,
			);
			path = heap;
			sourceTree = "<group>";
		};
		D7CE6595216CEE70009A120D /* merge */ = {
			isa = PBXGroup;
			children = (
				D7CE6596216CEE7C009A120D /* MergeViewController.h */,
				D7CE6597216CEE7C009A120D /* MergeViewController.m */,
			);
			path = merge;
			sourceTree = "<group>";
		};
/* End PBXGroup section */

/* Begin PBXNativeTarget section */
		AF04C7C7215C890600268882 /* AnimationsForAlgo */ = {
			isa = PBXNativeTarget;
			buildConfigurationList = AF04C7DE215C890700268882 /* Build configuration list for PBXNativeTarget "AnimationsForAlgo" */;
			buildPhases = (
				AF04C7C4215C890600268882 /* Sources */,
				AF04C7C5215C890600268882 /* Frameworks */,
				AF04C7C6215C890600268882 /* Resources */,
			);
			buildRules = (
			);
			dependencies = (
			);
			name = AnimationsForAlgo;
			productName = AnimationsForAlgo;
			productReference = AF04C7C8215C890600268882 /* AnimationsForAlgo.app */;
			productType = "com.apple.product-type.application";
		};
/* End PBXNativeTarget section */

/* Begin PBXProject section */
		AF04C7C0215C890600268882 /* Project object */ = {
			isa = PBXProject;
			attributes = {
				LastUpgradeCheck = 0940;
				ORGANIZATIONNAME = "唐鹏";
				TargetAttributes = {
					AF04C7C7215C890600268882 = {
						CreatedOnToolsVersion = 9.4.1;
					};
				};
			};
			buildConfigurationList = AF04C7C3215C890600268882 /* Build configuration list for PBXProject "AnimationsForAlgo" */;
			compatibilityVersion = "Xcode 9.3";
			developmentRegion = en;
			hasScannedForEncodings = 0;
			knownRegions = (
				en,
				Base,
			);
			mainGroup = AF04C7BF215C890600268882;
			productRefGroup = AF04C7C9215C890600268882 /* Products */;
			projectDirPath = "";
			projectRoot = "";
			targets = (
				AF04C7C7215C890600268882 /* AnimationsForAlgo */,
			);
		};
/* End PBXProject section */

/* Begin PBXResourcesBuildPhase section */
		AF04C7C6215C890600268882 /* Resources */ = {
			isa = PBXResourcesBuildPhase;
			buildActionMask = 2147483647;
			files = (
				AF04C7D8215C890700268882 /* LaunchScreen.storyboard in Resources */,
				AF04C7D5215C890700268882 /* Assets.xcassets in Resources */,
				AFF4C5EF215E257B004CC287 /* update.sh in Resources */,
				AFF132B7215CAEED00E7CD8C /* SortViewController.xib in Resources */,
				AF04C7D3215C890600268882 /* Main.storyboard in Resources */,
			);
			runOnlyForDeploymentPostprocessing = 0;
		};
/* End PBXResourcesBuildPhase section */

/* Begin PBXSourcesBuildPhase section */
		AF04C7C4215C890600268882 /* Sources */ = {
			isa = PBXSourcesBuildPhase;
			buildActionMask = 2147483647;
			files = (
				AF4D8F8D215F6621003B505D /* SelectViewController.m in Sources */,
				AFFDB725216B4869003D1735 /* RadixViewController.m in Sources */,
				AFE67DE62170390300735FD8 /* TPCustomButton.m in Sources */,
				AFE67DEB2170390300735FD8 /* TPScreenAdaptor.m in Sources */,
				AFE67DE82170390300735FD8 /* UIButton+TPCustom.m in Sources */,
				D7CE6598216CEE7C009A120D /* MergeViewController.m in Sources */,
				AF04C7D0215C890600268882 /* ViewController.m in Sources */,
				AFE67DE72170390300735FD8 /* UILabel+FastSetting.m in Sources */,
				AF4D8F8B215F6621003B505D /* InsertViewController.m in Sources */,
				AF4D8F91215F66AB003B505D /* ShellViewController.m in Sources */,
				D7CE6594216CED76009A120D /* HeapViewController.m in Sources */,
				D736AFF6216CF3E40054D375 /* QuickViewController.m in Sources */,
				AFE67DEC2170390300735FD8 /* UIView+TPFrameExtension.m in Sources */,
				AF04C7DB215C890700268882 /* main.m in Sources */,
				AF4D8F8C215F6621003B505D /* BubbleViewController.m in Sources */,
				AFF4C5F5215E27EB004CC287 /* BaseSortAlgoViewController.m in Sources */,
				AFE67DE92170390300735FD8 /* UIView+WalkerFrame.m in Sources */,
				AFE67DEF2170396C00735FD8 /* ControllerInfoManager.m in Sources */,
				AFE67DEA2170390300735FD8 /* TPCustomLabel.m in Sources */,
				AFFC4BF9216CA024002432BD /* MBProgressHUD.m in Sources */,
				AFF132B3215CAD5600E7CD8C /* SortViewController.m in Sources */,
				AF04C7CD215C890600268882 /* AppDelegate.m in Sources */,
			);
			runOnlyForDeploymentPostprocessing = 0;
		};
/* End PBXSourcesBuildPhase section */

/* Begin PBXVariantGroup section */
		AF04C7D1215C890600268882 /* Main.storyboard */ = {
			isa = PBXVariantGroup;
			children = (
				AF04C7D2215C890600268882 /* Base */,
			);
			name = Main.storyboard;
			sourceTree = "<group>";
		};
		AF04C7D6215C890700268882 /* LaunchScreen.storyboard */ = {
			isa = PBXVariantGroup;
			children = (
				AF04C7D7215C890700268882 /* Base */,
			);
			name = LaunchScreen.storyboard;
			sourceTree = "<group>";
		};
/* End PBXVariantGroup section */

/* Begin XCBuildConfiguration section */
		AF04C7DC215C890700268882 /* Debug */ = {
			isa = XCBuildConfiguration;
			buildSettings = {
				ALWAYS_SEARCH_USER_PATHS = NO;
				CLANG_ANALYZER_NONNULL = YES;
				CLANG_ANALYZER_NUMBER_OBJECT_CONVERSION = YES_AGGRESSIVE;
				CLANG_CXX_LANGUAGE_STANDARD = "gnu++14";
				CLANG_CXX_LIBRARY = "libc++";
				CLANG_ENABLE_MODULES = YES;
				CLANG_ENABLE_OBJC_ARC = YES;
				CLANG_ENABLE_OBJC_WEAK = YES;
				CLANG_WARN_BLOCK_CAPTURE_AUTORELEASING = YES;
				CLANG_WARN_BOOL_CONVERSION = YES;
				CLANG_WARN_COMMA = YES;
				CLANG_WARN_CONSTANT_CONVERSION = YES;
				CLANG_WARN_DEPRECATED_OBJC_IMPLEMENTATIONS = YES;
				CLANG_WARN_DIRECT_OBJC_ISA_USAGE = YES_ERROR;
				CLANG_WARN_DOCUMENTATION_COMMENTS = YES;
				CLANG_WARN_EMPTY_BODY = YES;
				CLANG_WARN_ENUM_CONVERSION = YES;
				CLANG_WARN_INFINITE_RECURSION = YES;
				CLANG_WARN_INT_CONVERSION = YES;
				CLANG_WARN_NON_LITERAL_NULL_CONVERSION = YES;
				CLANG_WARN_OBJC_IMPLICIT_RETAIN_SELF = YES;
				CLANG_WARN_OBJC_LITERAL_CONVERSION = YES;
				CLANG_WARN_OBJC_ROOT_CLASS = YES_ERROR;
				CLANG_WARN_RANGE_LOOP_ANALYSIS = YES;
				CLANG_WARN_STRICT_PROTOTYPES = YES;
				CLANG_WARN_SUSPICIOUS_MOVE = YES;
				CLANG_WARN_UNGUARDED_AVAILABILITY = YES_AGGRESSIVE;
				CLANG_WARN_UNREACHABLE_CODE = YES;
				CLANG_WARN__DUPLICATE_METHOD_MATCH = YES;
				CODE_SIGN_IDENTITY = "iPhone Developer";
				COPY_PHASE_STRIP = NO;
				DEBUG_INFORMATION_FORMAT = dwarf;
				ENABLE_STRICT_OBJC_MSGSEND = YES;
				ENABLE_TESTABILITY = YES;
				GCC_C_LANGUAGE_STANDARD = gnu11;
				GCC_DYNAMIC_NO_PIC = NO;
				GCC_NO_COMMON_BLOCKS = YES;
				GCC_OPTIMIZATION_LEVEL = 0;
				GCC_PREPROCESSOR_DEFINITIONS = (
					"DEBUG=1",
					"$(inherited)",
				);
				GCC_WARN_64_TO_32_BIT_CONVERSION = YES;
				GCC_WARN_ABOUT_RETURN_TYPE = YES_ERROR;
				GCC_WARN_UNDECLARED_SELECTOR = YES;
				GCC_WARN_UNINITIALIZED_AUTOS = YES_AGGRESSIVE;
				GCC_WARN_UNUSED_FUNCTION = YES;
				GCC_WARN_UNUSED_VARIABLE = YES;
				IPHONEOS_DEPLOYMENT_TARGET = 11.4;
				MTL_ENABLE_DEBUG_INFO = YES;
				ONLY_ACTIVE_ARCH = YES;
				SDKROOT = iphoneos;
			};
			name = Debug;
		};
		AF04C7DD215C890700268882 /* Release */ = {
			isa = XCBuildConfiguration;
			buildSettings = {
				ALWAYS_SEARCH_USER_PATHS = NO;
				CLANG_ANALYZER_NONNULL = YES;
				CLANG_ANALYZER_NUMBER_OBJECT_CONVERSION = YES_AGGRESSIVE;
				CLANG_CXX_LANGUAGE_STANDARD = "gnu++14";
				CLANG_CXX_LIBRARY = "libc++";
				CLANG_ENABLE_MODULES = YES;
				CLANG_ENABLE_OBJC_ARC = YES;
				CLANG_ENABLE_OBJC_WEAK = YES;
				CLANG_WARN_BLOCK_CAPTURE_AUTORELEASING = YES;
				CLANG_WARN_BOOL_CONVERSION = YES;
				CLANG_WARN_COMMA = YES;
				CLANG_WARN_CONSTANT_CONVERSION = YES;
				CLANG_WARN_DEPRECATED_OBJC_IMPLEMENTATIONS = YES;
				CLANG_WARN_DIRECT_OBJC_ISA_USAGE = YES_ERROR;
				CLANG_WARN_DOCUMENTATION_COMMENTS = YES;
				CLANG_WARN_EMPTY_BODY = YES;
				CLANG_WARN_ENUM_CONVERSION = YES;
				CLANG_WARN_INFINITE_RECURSION = YES;
				CLANG_WARN_INT_CONVERSION = YES;
				CLANG_WARN_NON_LITERAL_NULL_CONVERSION = YES;
				CLANG_WARN_OBJC_IMPLICIT_RETAIN_SELF = YES;
				CLANG_WARN_OBJC_LITERAL_CONVERSION = YES;
				CLANG_WARN_OBJC_ROOT_CLASS = YES_ERROR;
				CLANG_WARN_RANGE_LOOP_ANALYSIS = YES;
				CLANG_WARN_STRICT_PROTOTYPES = YES;
				CLANG_WARN_SUSPICIOUS_MOVE = YES;
				CLANG_WARN_UNGUARDED_AVAILABILITY = YES_AGGRESSIVE;
				CLANG_WARN_UNREACHABLE_CODE = YES;
				CLANG_WARN__DUPLICATE_METHOD_MATCH = YES;
				CODE_SIGN_IDENTITY = "iPhone Developer";
				COPY_PHASE_STRIP = NO;
				DEBUG_INFORMATION_FORMAT = "dwarf-with-dsym";
				ENABLE_NS_ASSERTIONS = NO;
				ENABLE_STRICT_OBJC_MSGSEND = YES;
				GCC_C_LANGUAGE_STANDARD = gnu11;
				GCC_NO_COMMON_BLOCKS = YES;
				GCC_WARN_64_TO_32_BIT_CONVERSION = YES;
				GCC_WARN_ABOUT_RETURN_TYPE = YES_ERROR;
				GCC_WARN_UNDECLARED_SELECTOR = YES;
				GCC_WARN_UNINITIALIZED_AUTOS = YES_AGGRESSIVE;
				GCC_WARN_UNUSED_FUNCTION = YES;
				GCC_WARN_UNUSED_VARIABLE = YES;
				IPHONEOS_DEPLOYMENT_TARGET = 11.4;
				MTL_ENABLE_DEBUG_INFO = NO;
				SDKROOT = iphoneos;
				VALIDATE_PRODUCT = YES;
			};
			name = Release;
		};
		AF04C7DF215C890700268882 /* Debug */ = {
			isa = XCBuildConfiguration;
			buildSettings = {
				ASSETCATALOG_COMPILER_APPICON_NAME = AppIcon;
				CODE_SIGN_IDENTITY = "iPhone Developer";
				CODE_SIGN_STYLE = Automatic;
				DEVELOPMENT_TEAM = 3P2FWDPYWL;
				INFOPLIST_FILE = AnimationsForAlgo/Info.plist;
				LD_RUNPATH_SEARCH_PATHS = (
					"$(inherited)",
					"@executable_path/Frameworks",
				);
				PRODUCT_BUNDLE_IDENTIFIER = com.allen.AnimationsForAlgo;
				PRODUCT_NAME = "$(TARGET_NAME)";
				PROVISIONING_PROFILE_SPECIFIER = "";
				TARGETED_DEVICE_FAMILY = "1,2";
			};
			name = Debug;
		};
		AF04C7E0215C890700268882 /* Release */ = {
			isa = XCBuildConfiguration;
			buildSettings = {
				ASSETCATALOG_COMPILER_APPICON_NAME = AppIcon;
				CODE_SIGN_IDENTITY = "iPhone Developer";
				CODE_SIGN_STYLE = Automatic;
				DEVELOPMENT_TEAM = 3P2FWDPYWL;
				INFOPLIST_FILE = AnimationsForAlgo/Info.plist;
				LD_RUNPATH_SEARCH_PATHS = (
					"$(inherited)",
					"@executable_path/Frameworks",
				);
				PRODUCT_BUNDLE_IDENTIFIER = com.allen.AnimationsForAlgo;
				PRODUCT_NAME = "$(TARGET_NAME)";
				PROVISIONING_PROFILE_SPECIFIER = "";
				TARGETED_DEVICE_FAMILY = "1,2";
			};
			name = Release;
		};
/* End XCBuildConfiguration section */

/* Begin XCConfigurationList section */
		AF04C7C3215C890600268882 /* Build configuration list for PBXProject "AnimationsForAlgo" */ = {
			isa = XCConfigurationList;
			buildConfigurations = (
				AF04C7DC215C890700268882 /* Debug */,
				AF04C7DD215C890700268882 /* Release */,
			);
			defaultConfigurationIsVisible = 0;
			defaultConfigurationName = Release;
		};
		AF04C7DE215C890700268882 /* Build configuration list for PBXNativeTarget "AnimationsForAlgo" */ = {
			isa = XCConfigurationList;
			buildConfigurations = (
				AF04C7DF215C890700268882 /* Debug */,
				AF04C7E0215C890700268882 /* Release */,
			);
			defaultConfigurationIsVisible = 0;
			defaultConfigurationName = Release;
		};
/* End XCConfigurationList section */
	};
	rootObject = AF04C7C0215C890600268882 /* Project object */;
}
